{
  "name": "gaming-app-tests",
  "lockfileVersion": 3,
  "requires": true,
  "packages": {
    "": {
      "name": "gaming-app-tests",
      "dependencies": {
        "playwright-core": "^1.55.0",
        "three": "0.186.0"
      }
    },
    "node_modules/playwright-core": {
      "version": "1.64.0",
      "resolved": "https://registry.npmjs.org/playwright-core/-/playwright-core-1.64.0.tgz",
      "integrity": "sha512-T9r+MZkTECl2+oUcZ26YgZzTrYidTsIhYYkJix+6iDOymOb1FB2RLLSOxRGnZGv5DStt+aduIVbt+E8WygXYpg==",
      "license": "Apache-2.0",
      "bin": {
        "playwright-core": "cli.js"
      },
      "engines": {
        "node": ">=20"
      }
    },
    "node_modules/three": {
      "version": "0.186.0",
      "resolved": "https://registry.npmjs.org/three/-/three-0.186.0.tgz",
      "integrity": "sha512-cr/fIM2ddMSVbYVgkfD4jLJv7Fh/8ZTjvo+7gQeSVGUZHxpx9FDwoL5iC7hUz/LiRA8wMbqfnb90xKfm1/HHkQ==",
      "license": "MIT"
    }
  }
}
